// !$*UTF8*$!
{
	archiveVersion = 1;
	classes = {
	};
	objectVersion = 77;
	objects = {

/* Begin PBXContainerItemProxy section */
		CA9AFD482DA0D373007ACCDA /* PBXContainerItemProxy */ = {
			isa = PBXContainerItemProxy;
			containerPortal = CA9AFD2D2DA0D372007ACCDA /* Project object */;
			proxyType = 1;
			remoteGlobalIDString = CA9AFD342DA0D372007ACCDA;
			remoteInfo = Simpleton;
		};
		CA9AFD522DA0D373007ACCDA /* PBXContainerItemProxy */ = {
			isa = PBXContainerItemProxy;
			containerPortal = CA9AFD2D2DA0D372007ACCDA /* Project object */;
			proxyType = 1;
			remoteGlobalIDString = CA9AFD342DA0D372007ACCDA;
			remoteInfo = Simpleton;
		};
/* End PBXContainerItemProxy section */

/* Begin PBXFileReference section */
		CA9AFD352DA0D372007ACCDA /* Simpleton.app */ = {isa = PBXFileReference; explicitFileType = wrapper.application; includeInIndex = 0; path = Simpleton.app; sourceTree = BUILT_PRODUCTS_DIR; };
		CA9AFD472DA0D373007ACCDA /* SimpletonTests.xctest */ = {isa = PBXFileReference; explicitFileType = wrapper.cfbundle; includeInIndex = 0; path = SimpletonTests.xctest; sourceTree = BUILT_PRODUCTS_DIR; };
		CA9AFD512DA0D373007ACCDA /* SimpletonUITests.xctest */ = {isa = PBXFileReference; explicitFileType = wrapper.cfbundle; includeInIndex = 0; path = SimpletonUITests.xctest; sourceTree = BUILT_PRODUCTS_DIR; };
/* End PBXFileReference section */

/* Begin PBXFileSystemSynchronizedRootGroup section */
		CA9AFD372DA0D372007ACCDA /* Simpleton */ = {
			isa = PBXFileSystemSynchronizedRootGroup;
			path = Simpleton;
			sourceTree = "<group>";
		};
		CA9AFD4A2DA0D373007ACCDA /* SimpletonTests */ = {
			isa = PBXFileSystemSynchronizedRootGroup;
			path = SimpletonTests;
			sourceTree = "<group>";
		};
		CA9AFD542DA0D373007ACCDA /* SimpletonUITests */ = {
			isa = PBXFileSystemSynchronizedRootGroup;
			path = SimpletonUITests;
			sourceTree = "<group>";
		};
/* End PBXFileSystemSynchronizedRootGroup section */

/* Begin PBXFrameworksBuildPhase section */
		CA9AFD322DA0D372007ACCDA /* Frameworks */ = {
			isa = PBXFrameworksBuildPhase;
			buildActionMask = 2147483647;
			files = (
			);
			runOnlyForDeploymentPostprocessing = 0;
		};
		CA9AFD442DA0D373007ACCDA /* Frameworks */ = {
			isa = PBXFrameworksBuildPhase;
			buildActionMask = 2147483647;
			files = (
			);
			runOnlyForDeploymentPostprocessing = 0;
		};
		CA9AFD4E2DA0D373007ACCDA /* Frameworks */ = {
			isa = PBXFrameworksBuildPhase;
			buildActionMask = 2147483647;
			files = (
			);
			runOnlyForDeploymentPostprocessing = 0;
		};
/* End PBXFrameworksBuildPhase section */

/* Begin PBXGroup section */
		CA9AFD2C2DA0D372007ACCDA = {
			isa = PBXGroup;
			children = (
				CA9AFD372DA0D372007ACCDA /* Simpleton */,
				CA9AFD4A2DA0D373007ACCDA /* SimpletonTests */,
				CA9AFD542DA0D373007ACCDA /* SimpletonUITests */,
				CA9AFD362DA0D372007ACCDA /* Products */,
			);
			sourceTree = "<group>";
		};
		CA9AFD362DA0D372007ACCDA /* Products */ = {
			isa = PBXGroup;
			children = (
				CA9AFD352DA0D372007ACCDA /* Simpleton.app */,
				CA9AFD472DA0D373007ACCDA /* SimpletonTests.xctest */,
				CA9AFD512DA0D373007ACCDA /* SimpletonUITests.xctest */,
			);
			name = Products;
			sourceTree = "<group>";
		};
/* End PBXGroup section */

/* Begin PBXNativeTarget section */
		CA9AFD342DA0D372007ACCDA /* Simpleton */ = {
			isa = PBXNativeTarget;
			buildConfigurationList = CA9AFD5B2DA0D373007ACCDA /* Build configuration list for PBXNativeTarget "Simpleton" */;
			buildPhases = (
				CA9AFD312DA0D372007ACCDA /* Sources */,
				CA9AFD322DA0D372007ACCDA /* Frameworks */,
				CA9AFD332DA0D372007ACCDA /* Resources */,
			);
			buildRules = (
			);
			dependencies = (
			);
			fileSystemSynchronizedGroups = (
				CA9AFD372DA0D372007ACCDA /* Simpleton */,
			);
			name = Simpleton;
			packageProductDependencies = (
			);
			productName = Simpleton;
			productReference = CA9AFD352DA0D372007ACCDA /* Simpleton.app */;
			productType = "com.apple.product-type.application";
		};
		CA9AFD462DA0D373007ACCDA /* SimpletonTests */ = {
			isa = PBXNativeTarget;
			buildConfigurationList = CA9AFD5E2DA0D373007ACCDA /* Build configuration list for PBXNativeTarget "SimpletonTests" */;
			buildPhases = (
				CA9AFD432DA0D373007ACCDA /* Sources */,
				CA9AFD442DA0D373007ACCDA /* Frameworks */,
				CA9AFD452DA0D373007ACCDA /* Resources */,
			);
			buildRules = (
			);
			dependencies = (
				CA9AFD492DA0D373007ACCDA /* PBXTargetDependency */,
			);
			fileSystemSynchronizedGroups = (
				CA9AFD4A2DA0D373007ACCDA /* SimpletonTests */,
			);
			name = SimpletonTests;
			packageProductDependencies = (
			);
			productName = SimpletonTests;
			productReference = CA9AFD472DA0D373007ACCDA /* SimpletonTests.xctest */;
			productType = "com.apple.product-type.bundle.unit-test";
		};
		CA9AFD502DA0D373007ACCDA /* SimpletonUITests */ = {
			isa = PBXNativeTarget;
			buildConfigurationList = CA9AFD612DA0D373007ACCDA /* Build configuration list for PBXNativeTarget "SimpletonUITests" */;
			buildPhases = (
				CA9AFD4D2DA0D373007ACCDA /* Sources */,
				CA9AFD4E2DA0D373007ACCDA /* Frameworks */,
				CA9AFD4F2DA0D373007ACCDA /* Resources */,
			);
			buildRules = (
			);
			dependencies = (
				CA9AFD532DA0D373007ACCDA /* PBXTargetDependency */,
			);
			fileSystemSynchronizedGroups = (
				CA9AFD542DA0D373007ACCDA /* SimpletonUITests */,
			);
			name = SimpletonUITests;
			packageProductDependencies = (
			);
			productName = SimpletonUITests;
			productReference = CA9AFD512DA0D373007ACCDA /* SimpletonUITests.xctest */;
			productType = "com.apple.product-type.bundle.ui-testing";
		};
/* End PBXNativeTarget section */

/* Begin PBXProject section */
		CA9AFD2D2DA0D372007ACCDA /* Project object */ = {
			isa = PBXProject;
			attributes = {
				BuildIndependentTargetsInParallel = 1;
				LastSwiftUpdateCheck = 1620;
				LastUpgradeCheck = 1620;
				TargetAttributes = {
					CA9AFD342DA0D372007ACCDA = {
						CreatedOnToolsVersion = 16.2;
					};
					CA9AFD462DA0D373007ACCDA = {
						CreatedOnToolsVersion = 16.2;
						TestTargetID = CA9AFD342DA0D372007ACCDA;
					};
					CA9AFD502DA0D373007ACCDA = {
						CreatedOnToolsVersion = 16.2;
						TestTargetID = CA9AFD342DA0D372007ACCDA;
					};
				};
			};
			buildConfigurationList = CA9AFD302DA0D372007ACCDA /* Build configuration list for PBXProject "Simpleton" */;
			developmentRegion = en;
			hasScannedForEncodings = 0;
			knownRegions = (
				en,
				Base,
			);
			mainGroup = CA9AFD2C2DA0D372007ACCDA;
			minimizedProjectReferenceProxies = 1;
			preferredProjectObjectVersion = 77;
			productRefGroup = CA9AFD362DA0D372007ACCDA /* Products */;
			projectDirPath = "";
			projectRoot = "";
			targets = (
				CA9AFD342DA0D372007ACCDA /* Simpleton */,
				CA9AFD462DA0D373007ACCDA /* SimpletonTests */,
				CA9AFD502DA0D373007ACCDA /* SimpletonUITests */,
			);
		};
/* End PBXProject section */

/* Begin PBXResourcesBuildPhase section */
		CA9AFD332DA0D372007ACCDA /* Resources */ = {
			isa = PBXResourcesBuildPhase;
			buildActionMask = 2147483647;
			files = (
			);
			runOnlyForDeploymentPostprocessing = 0;
		};
		CA9AFD452DA0D373007ACCDA /* Resources */ = {
			isa = PBXResourcesBuildPhase;
			buildActionMask = 2147483647;
			files = (
			);
			runOnlyForDeploymentPostprocessing = 0;
		};
		CA9AFD4F2DA0D373007ACCDA /* Resources */ = {
			isa = PBXResourcesBuildPhase;
			buildActionMask = 2147483647;
			files = (
			);
			runOnlyForDeploymentPostprocessing = 0;
		};
/* End PBXResourcesBuildPhase section */

/* Begin PBXSourcesBuildPhase section */
		CA9AFD312DA0D372007ACCDA /* Sources */ = {
			isa = PBXSourcesBuildPhase;
			buildActionMask = 2147483647;
			files = (
			);
			runOnlyForDeploymentPostprocessing = 0;
		};
		CA9AFD432DA0D373007ACCDA /* Sources */ = {
			isa = PBXSourcesBuildPhase;
			buildActionMask = 2147483647;
			files = (
			);
			runOnlyForDeploymentPostprocessing = 0;
		};
		CA9AFD4D2DA0D373007ACCDA /* Sources */ = {
			isa = PBXSourcesBuildPhase;
			buildActionMask = 2147483647;
			files = (
			);
			runOnlyForDeploymentPostprocessing = 0;
		};
/* End PBXSourcesBuildPhase section */

/* Begin PBXTargetDependency section */
		CA9AFD492DA0D373007ACCDA /* PBXTargetDependency */ = {
			isa = PBXTargetDependency;
			target = CA9AFD342DA0D372007ACCDA /* Simpleton */;
			targetProxy = CA9AFD482DA0D373007ACCDA /* PBXContainerItemProxy */;
		};
		CA9AFD532DA0D373007ACCDA /* PBXTargetDependency */ = {
			isa = PBXTargetDependency;
			target = CA9AFD342DA0D372007ACCDA /* Simpleton */;
			targetProxy = CA9AFD522DA0D373007ACCDA /* PBXContainerItemProxy */;
		};
/* End PBXTargetDependency section */

/* Begin XCBuildConfiguration section */
		CA9AFD592DA0D373007ACCDA /* Debug */ = {
			isa = XCBuildConfiguration;
			buildSettings = {
				ALWAYS_SEARCH_USER_PATHS = NO;
				ASSETCATALOG_COMPILER_GENERATE_SWIFT_ASSET_SYMBOL_EXTENSIONS = YES;
				CLANG_ANALYZER_NONNULL = YES;
				CLANG_ANALYZER_NUMBER_OBJECT_CONVERSION = YES_AGGRESSIVE;
				CLANG_CXX_LANGUAGE_STANDARD = "gnu++20";
				CLANG_ENABLE_MODULES = YES;
				CLANG_ENABLE_OBJC_ARC = YES;
				CLANG_ENABLE_OBJC_WEAK = YES;
				CLANG_WARN_BLOCK_CAPTURE_AUTORELEASING = YES;
				CLANG_WARN_BOOL_CONVERSION = YES;
				CLANG_WARN_COMMA = YES;
				CLANG_WARN_CONSTANT_CONVERSION = YES;
				CLANG_WARN_DEPRECATED_OBJC_IMPLEMENTATIONS = YES;
				CLANG_WARN_DIRECT_OBJC_ISA_USAGE = YES_ERROR;
				CLANG_WARN_DOCUMENTATION_COMMENTS = YES;
				CLANG_WARN_EMPTY_BODY = YES;
				CLANG_WARN_ENUM_CONVERSION = YES;
				CLANG_WARN_INFINITE_RECURSION = YES;
				CLANG_WARN_INT_CONVERSION = YES;
				CLANG_WARN_NON_LITERAL_NULL_CONVERSION = YES;
				CLANG_WARN_OBJC_IMPLICIT_RETAIN_SELF = YES;
				CLANG_WARN_OBJC_LITERAL_CONVERSION = YES;
				CLANG_WARN_OBJC_ROOT_CLASS = YES_ERROR;
				CLANG_WARN_QUOTED_INCLUDE_IN_FRAMEWORK_HEADER = YES;
				CLANG_WARN_RANGE_LOOP_ANALYSIS = YES;
				CLANG_WARN_STRICT_PROTOTYPES = YES;
				CLANG_WARN_SUSPICIOUS_MOVE = YES;
				CLANG_WARN_UNGUARDED_AVAILABILITY = YES_AGGRESSIVE;
				CLANG_WARN_UNREACHABLE_CODE = YES;
				CLANG_WARN__DUPLICATE_METHOD_MATCH = YES;
				COPY_PHASE_STRIP = NO;
				DEBUG_INFORMATION_FORMAT = dwarf;
				ENABLE_STRICT_OBJC_MSGSEND = YES;
				ENABLE_TESTABILITY = YES;
				ENABLE_USER_SCRIPT_SANDBOXING = YES;
				GCC_C_LANGUAGE_STANDARD = gnu17;
				GCC_DYNAMIC_NO_PIC = NO;
				GCC_NO_COMMON_BLOCKS = YES;
				GCC_OPTIMIZATION_LEVEL = 0;
				GCC_PREPROCESSOR_DEFINITIONS = (
					"DEBUG=1",
					"$(inherited)",
				);
				GCC_WARN_64_TO_32_BIT_CONVERSION = YES;
				GCC_WARN_ABOUT_RETURN_TYPE = YES_ERROR;
				GCC_WARN_UNDECLARED_SELECTOR = YES;
				GCC_WARN_UNINITIALIZED_AUTOS = YES_AGGRESSIVE;
				GCC_WARN_UNUSED_FUNCTION = YES;
				GCC_WARN_UNUSED_VARIABLE = YES;
				IPHONEOS_DEPLOYMENT_TARGET = 18.2;
				LOCALIZATION_PREFERS_STRING_CATALOGS = YES;
				MTL_ENABLE_DEBUG_INFO = INCLUDE_SOURCE;
				MTL_FAST_MATH = YES;
				ONLY_ACTIVE_ARCH = YES;
				SDKROOT = iphoneos;
				SWIFT_ACTIVE_COMPILATION_CONDITIONS = "DEBUG $(inherited)";
				SWIFT_OPTIMIZATION_LEVEL = "-Onone";
			};
			name = Debug;
		};
		CA9AFD5A2DA0D373007ACCDA /* Release */ = {
			isa = XCBuildConfiguration;
			buildSettings = {
				ALWAYS_SEARCH_USER_PATHS = NO;
				ASSETCATALOG_COMPILER_GENERATE_SWIFT_ASSET_SYMBOL_EXTENSIONS = YES;
				CLANG_ANALYZER_NONNULL = YES;
				CLANG_ANALYZER_NUMBER_OBJECT_CONVERSION = YES_AGGRESSIVE;
				CLANG_CXX_LANGUAGE_STANDARD = "gnu++20";
				CLANG_ENABLE_MODULES = YES;
				CLANG_ENABLE_OBJC_ARC = YES;
				CLANG_ENABLE_OBJC_WEAK = YES;
				CLANG_WARN_BLOCK_CAPTURE_AUTORELEASING = YES;
				CLANG_WARN_BOOL_CONVERSION = YES;
				CLANG_WARN_COMMA = YES;
				CLANG_WARN_CONSTANT_CONVERSION = YES;
				CLANG_WARN_DEPRECATED_OBJC_IMPLEMENTATIONS = YES;
				CLANG_WARN_DIRECT_OBJC_ISA_USAGE = YES_ERROR;
				CLANG_WARN_DOCUMENTATION_COMMENTS = YES;
				CLANG_WARN_EMPTY_BODY = YES;
				CLANG_WARN_ENUM_CONVERSION = YES;
				CLANG_WARN_INFINITE_RECURSION = YES;
				CLANG_WARN_INT_CONVERSION = YES;
				CLANG_WARN_NON_LITERAL_NULL_CONVERSION = YES;
				CLANG_WARN_OBJC_IMPLICIT_RETAIN_SELF = YES;
				CLANG_WARN_OBJC_LITERAL_CONVERSION = YES;
				CLANG_WARN_OBJC_ROOT_CLASS = YES_ERROR;
				CLANG_WARN_QUOTED_INCLUDE_IN_FRAMEWORK_HEADER = YES;
				CLANG_WARN_RANGE_LOOP_ANALYSIS = YES;
				CLANG_WARN_STRICT_PROTOTYPES = YES;
				CLANG_WARN_SUSPICIOUS_MOVE = YES;
				CLANG_WARN_UNGUARDED_AVAILABILITY = YES_AGGRESSIVE;
				CLANG_WARN_UNREACHABLE_CODE = YES;
				CLANG_WARN__DUPLICATE_METHOD_MATCH = YES;
				COPY_PHASE_STRIP = NO;
				DEBUG_INFORMATION_FORMAT = "dwarf-with-dsym";
				ENABLE_NS_ASSERTIONS = NO;
				ENABLE_STRICT_OBJC_MSGSEND = YES;
				ENABLE_USER_SCRIPT_SANDBOXING = YES;
				GCC_C_LANGUAGE_STANDARD = gnu17;
				GCC_NO_COMMON_BLOCKS = YES;
				GCC_WARN_64_TO_32_BIT_CONVERSION = YES;
				GCC_WARN_ABOUT_RETURN_TYPE = YES_ERROR;
				GCC_WARN_UNDECLARED_SELECTOR = YES;
				GCC_WARN_UNINITIALIZED_AUTOS = YES_AGGRESSIVE;
				GCC_WARN_UNUSED_FUNCTION = YES;
				GCC_WARN_UNUSED_VARIABLE = YES;
				IPHONEOS_DEPLOYMENT_TARGET = 18.2;
				LOCALIZATION_PREFERS_STRING_CATALOGS = YES;
				MTL_ENABLE_DEBUG_INFO = NO;
				MTL_FAST_MATH = YES;
				SDKROOT = iphoneos;
				SWIFT_COMPILATION_MODE = wholemodule;
				VALIDATE_PRODUCT = YES;
			};
			name = Release;
		};
		CA9AFD5C2DA0D373007ACCDA /* Debug */ = {
			isa = XCBuildConfiguration;
			buildSettings = {
				ASSETCATALOG_COMPILER_APPICON_NAME = AppIcon;
				ASSETCATALOG_COMPILER_GLOBAL_ACCENT_COLOR_NAME = AccentColor;
				CODE_SIGN_STYLE = Automatic;
				CURRENT_PROJECT_VERSION = 1;
				DEVELOPMENT_ASSET_PATHS = "\"Simpleton/Preview Content\"";
				DEVELOPMENT_TEAM = P95CHYKWVN;
				ENABLE_PREVIEWS = YES;
				GENERATE_INFOPLIST_FILE = YES;
				INFOPLIST_KEY_UIApplicationSceneManifest_Generation = YES;
				INFOPLIST_KEY_UIApplicationSupportsIndirectInputEvents = YES;
				INFOPLIST_KEY_UILaunchScreen_Generation = YES;
				INFOPLIST_KEY_UISupportedInterfaceOrientations_iPad = "UIInterfaceOrientationPortrait UIInterfaceOrientationPortraitUpsideDown UIInterfaceOrientationLandscapeLeft UIInterfaceOrientationLandscapeRight";
				INFOPLIST_KEY_UISupportedInterfaceOrientations_iPhone = "UIInterfaceOrientationPortrait UIInterfaceOrientationLandscapeLeft UIInterfaceOrientationLandscapeRight";
				LD_RUNPATH_SEARCH_PATHS = (
					"$(inherited)",
					"@executable_path/Frameworks",
				);
				MARKETING_VERSION = 1.0;
				PRODUCT_BUNDLE_IDENTIFIER = com.bluecode.Simpleton;
				PRODUCT_NAME = "$(TARGET_NAME)";
				SWIFT_EMIT_LOC_STRINGS = YES;
				SWIFT_VERSION = 5.0;
				TARGETED_DEVICE_FAMILY = "1,2";
			};
			name = Debug;
		};
		CA9AFD5D2DA0D373007ACCDA /* Release */ = {
			isa = XCBuildConfiguration;
			buildSettings = {
				ASSETCATALOG_COMPILER_APPICON_NAME = AppIcon;
				ASSETCATALOG_COMPILER_GLOBAL_ACCENT_COLOR_NAME = AccentColor;
				CODE_SIGN_STYLE = Automatic;
				CURRENT_PROJECT_VERSION = 1;
				DEVELOPMENT_ASSET_PATHS = "\"Simpleton/Preview Content\"";
				DEVELOPMENT_TEAM = P95CHYKWVN;
				ENABLE_PREVIEWS = YES;
				GENERATE_INFOPLIST_FILE = YES;
				INFOPLIST_KEY_UIApplicationSceneManifest_Generation = YES;
				INFOPLIST_KEY_UIApplicationSupportsIndirectInputEvents = YES;
				INFOPLIST_KEY_UILaunchScreen_Generation = YES;
				INFOPLIST_KEY_UISupportedInterfaceOrientations_iPad = "UIInterfaceOrientationPortrait UIInterfaceOrientationPortraitUpsideDown UIInterfaceOrientationLandscapeLeft UIInterfaceOrientationLandscapeRight";
				INFOPLIST_KEY_UISupportedInterfaceOrientations_iPhone = "UIInterfaceOrientationPortrait UIInterfaceOrientationLandscapeLeft UIInterfaceOrientationLandscapeRight";
				LD_RUNPATH_SEARCH_PATHS = (
					"$(inherited)",
					"@executable_path/Frameworks",
				);
				MARKETING_VERSION = 1.0;
				PRODUCT_BUNDLE_IDENTIFIER = com.bluecode.Simpleton;
				PRODUCT_NAME = "$(TARGET_NAME)";
				SWIFT_EMIT_LOC_STRINGS = YES;
				SWIFT_VERSION = 5.0;
				TARGETED_DEVICE_FAMILY = "1,2";
			};
			name = Release;
		};
		CA9AFD5F2DA0D373007ACCDA /* Debug */ = {
			isa = XCBuildConfiguration;
			buildSettings = {
				BUNDLE_LOADER = "$(TEST_HOST)";
				CODE_SIGN_STYLE = Automatic;
				CURRENT_PROJECT_VERSION = 1;
				DEVELOPMENT_TEAM = P95CHYKWVN;
				GENERATE_INFOPLIST_FILE = YES;
				IPHONEOS_DEPLOYMENT_TARGET = 18.2;
				MARKETING_VERSION = 1.0;
				PRODUCT_BUNDLE_IDENTIFIER = com.bluecode.SimpletonTests;
				PRODUCT_NAME = "$(TARGET_NAME)";
				SWIFT_EMIT_LOC_STRINGS = NO;
				SWIFT_VERSION = 5.0;
				TARGETED_DEVICE_FAMILY = "1,2";
				TEST_HOST = "$(BUILT_PRODUCTS_DIR)/Simpleton.app/$(BUNDLE_EXECUTABLE_FOLDER_PATH)/Simpleton";
			};
			name = Debug;
		};
		CA9AFD602DA0D373007ACCDA /* Release */ = {
			isa = XCBuildConfiguration;
			buildSettings = {
				BUNDLE_LOADER = "$(TEST_HOST)";
				CODE_SIGN_STYLE = Automatic;
				CURRENT_PROJECT_VERSION = 1;
				DEVELOPMENT_TEAM = P95CHYKWVN;
				GENERATE_INFOPLIST_FILE = YES;
				IPHONEOS_DEPLOYMENT_TARGET = 18.2;
				MARKETING_VERSION = 1.0;
				PRODUCT_BUNDLE_IDENTIFIER = com.bluecode.SimpletonTests;
				PRODUCT_NAME = "$(TARGET_NAME)";
				SWIFT_EMIT_LOC_STRINGS = NO;
				SWIFT_VERSION = 5.0;
				TARGETED_DEVICE_FAMILY = "1,2";
				TEST_HOST = "$(BUILT_PRODUCTS_DIR)/Simpleton.app/$(BUNDLE_EXECUTABLE_FOLDER_PATH)/Simpleton";
			};
			name = Release;
		};
		CA9AFD622DA0D373007ACCDA /* Debug */ = {
			isa = XCBuildConfiguration;
			buildSettings = {
				CODE_SIGN_STYLE = Automatic;
				CURRENT_PROJECT_VERSION = 1;
				DEVELOPMENT_TEAM = P95CHYKWVN;
				GENERATE_INFOPLIST_FILE = YES;
				MARKETING_VERSION = 1.0;
				PRODUCT_BUNDLE_IDENTIFIER = com.bluecode.SimpletonUITests;
				PRODUCT_NAME = "$(TARGET_NAME)";
				SWIFT_EMIT_LOC_STRINGS = NO;
				SWIFT_VERSION = 5.0;
				TARGETED_DEVICE_FAMILY = "1,2";
				TEST_TARGET_NAME = Simpleton;
			};
			name = Debug;
		};
		CA9AFD632DA0D373007ACCDA /* Release */ = {
			isa = XCBuildConfiguration;
			buildSettings = {
				CODE_SIGN_STYLE = Automatic;
				CURRENT_PROJECT_VERSION = 1;
				DEVELOPMENT_TEAM = P95CHYKWVN;
				GENERATE_INFOPLIST_FILE = YES;
				MARKETING_VERSION = 1.0;
				PRODUCT_BUNDLE_IDENTIFIER = com.bluecode.SimpletonUITests;
				PRODUCT_NAME = "$(TARGET_NAME)";
				SWIFT_EMIT_LOC_STRINGS = NO;
				SWIFT_VERSION = 5.0;
				TARGETED_DEVICE_FAMILY = "1,2";
				TEST_TARGET_NAME = Simpleton;
			};
			name = Release;
		};
/* End XCBuildConfiguration section */

/* Begin XCConfigurationList section */
		CA9AFD302DA0D372007ACCDA /* Build configuration list for PBXProject "Simpleton" */ = {
			isa = XCConfigurationList;
			buildConfigurations = (
				CA9AFD592DA0D373007ACCDA /* Debug */,
				CA9AFD5A2DA0D373007ACCDA /* Release */,
			);
			defaultConfigurationIsVisible = 0;
			defaultConfigurationName = Release;
		};
		CA9AFD5B2DA0D373007ACCDA /* Build configuration list for PBXNativeTarget "Simpleton" */ = {
			isa = XCConfigurationList;
			buildConfigurations = (
				CA9AFD5C2DA0D373007ACCDA /* Debug */,
				CA9AFD5D2DA0D373007ACCDA /* Release */,
			);
			defaultConfigurationIsVisible = 0;
			defaultConfigurationName = Release;
		};
		CA9AFD5E2DA0D373007ACCDA /* Build configuration list for PBXNativeTarget "SimpletonTests" */ = {
			isa = XCConfigurationList;
			buildConfigurations = (
				CA9AFD5F2DA0D373007ACCDA /* Debug */,
				CA9AFD602DA0D373007ACCDA /* Release */,
			);
			defaultConfigurationIsVisible = 0;
			defaultConfigurationName = Release;
		};
		CA9AFD612DA0D373007ACCDA /* Build configuration list for PBXNativeTarget "SimpletonUITests" */ = {
			isa = XCConfigurationList;
			buildConfigurations = (
				CA9AFD622DA0D373007ACCDA /* Debug */,
				CA9AFD632DA0D373007ACCDA /* Release */,
			);
			defaultConfigurationIsVisible = 0;
			defaultConfigurationName = Release;
		};
/* End XCConfigurationList section */
	};
	rootObject = CA9AFD2D2DA0D372007ACCDA /* Project object */;
}
